# This file is autogenerated, do not edit; changes may be undone by the next 'dep ensure'.


[[projects]]
  branch = "master"
  name = "dmitri.shuralyov.com/text/kebabcase"
  packages = ["."]
  revision = "40e40b42552a9cb37d6e98f4ad31f63ae53ea43a"

[[projects]]
  name = "github.com/davecgh/go-spew"
  packages = ["spew"]
  revision = "346938d642f2ec3594ed81d874461961cd0faa76"
  version = "v1.1.0"

[[projects]]
  name = "github.com/ericlagergren/decimal"
  packages = [
    ".",
    "internal/arith",
    "internal/arith/checked",
    "internal/c"
  ]
  revision = "2a5821154e156e9036761a55c2e820d8653a5a60"
  version = "v3.2"

[[projects]]
  name = "github.com/fatih/structs"
  packages = ["."]
  revision = "a720dfa8df582c51dee1b36feabb906bde1588bd"
  version = "v1.0"

[[projects]]
  name = "github.com/gobuffalo/envy"
  packages = ["."]
  revision = "ef60bfc50c8f92d1ee64674d8ce7a48f1f67625e"
  version = "v1.6.2"

[[projects]]
  name = "github.com/gobuffalo/plush"
  packages = [
    ".",
    "ast",
    "lexer",
    "parser",
    "token"
  ]
  revision = "5d52aed81c89f76ec6f19a03537c85773102ebf4"
  version = "v3.7.3"

[[projects]]
  name = "github.com/gobuffalo/tags"
  packages = [
    ".",
    "form",
    "form/bootstrap"
  ]
  revision = "82cd7696c84aba829b74e81814ff489b64e7b56a"
  version = "v2.0.5"

[[projects]]
  name = "github.com/gobuffalo/uuid"
  packages = ["."]
  revision = "3a9fb6c5c481d4886f1e9323c61ad743fb955860"
  version = "v2.0.0"

[[projects]]
  name = "github.com/gobuffalo/validate"
  packages = [
    ".",
    "validators"
  ]
  revision = "42d8db6e06e617cdedcc7a849d6690a2cb5a8d28"
  version = "v2.0.0"

[[projects]]
  name = "github.com/inconshreveable/mousetrap"
  packages = ["."]
  revision = "76626ae9c91c4f2a10f34cad8ce83ea42c93bb75"
  version = "v1.0"

[[projects]]
  name = "github.com/joho/godotenv"
  packages = ["."]
  revision = "a79fa1e548e2c689c241d10173efd51e5d689d5b"
  version = "v1.2.0"

[[projects]]
  branch = "master"
  name = "github.com/markbates/going"
  packages = [
    "defaults",
    "wait"
  ]
  revision = "0576708c56cea02331f864fe6e157ac7841923e4"

[[projects]]
  branch = "master"
  name = "github.com/markbates/inflect"
  packages = ["."]
  revision = "dd7de90c06bca70f18136e59dec2270c19a401e7"

[[projects]]
  branch = "master"
  name = "github.com/microcosm-cc/bluemonday"
  packages = ["."]
  revision = "995366fdf961d03629cd17361bddd32745718e2c"

[[projects]]
  name = "github.com/pkg/errors"
  packages = ["."]
  revision = "645ef00459ed84a119197bfb8d8205042c6df63d"
  version = "v0.8.0"

[[projects]]
  name = "github.com/pmezard/go-difflib"
  packages = ["difflib"]
  revision = "792786c7400a136282c1664665ae0a8db921c6c2"
  version = "v1.0.0"

[[projects]]
  branch = "master"
  name = "github.com/russross/blackfriday"
  packages = ["."]
  revision = "11635eb403ff09dbc3a6b5a007ab5ab09151c229"

[[projects]]
  name = "github.com/sendgrid/rest"
  packages = ["."]
  revision = "306b9bef57dc36f3435ccfcc08fe6ae2c6920344"
  version = "v2.4.1"

[[projects]]
  name = "github.com/sendgrid/sendgrid-go"
  packages = [
    ".",
    "helpers/mail"
  ]
  revision = "8caf17aa96b4a98bae8bd216878dd50ff12897b5"
  version = "v3.4.1"

[[projects]]
  branch = "master"
  name = "github.com/serenize/snaker"
  packages = ["."]
  revision = "a683aaf2d516deecd70cad0c72e3ca773ecfcef0"

[[projects]]
  name = "github.com/sergi/go-diff"
  packages = ["diffmatchpatch"]
  revision = "1744e2970ca51c86172c8190fadad617561ed6e7"
  version = "v1.0.0"

[[projects]]
  branch = "master"
  name = "github.com/shurcooL/github_flavored_markdown"
  packages = ["."]
  revision = "28433ea3fc83827d77424782fefdcd94703366cc"

[[projects]]
  branch = "master"
  name = "github.com/shurcooL/go"
  packages = [
    "parserutil",
    "printerutil",
    "reflectfind",
    "reflectsource"
  ]
  revision = "9e1955d9fb6e1ee2345ba1f5e71669263e719e27"

[[projects]]
  branch = "master"
  name = "github.com/shurcooL/go-goon"
  packages = ["."]
  revision = "37c2f522c041b74919a9e5e3a6c5c47eb34730a5"

[[projects]]
  branch = "master"
  name = "github.com/shurcooL/graphql"
  packages = ["ident"]
  revision = "62c9ce094e75302d560f7adcdf16c06d05aaa958"

[[projects]]
  branch = "master"
  name = "github.com/shurcooL/highlight_diff"
  packages = ["."]
  revision = "09bb4053de1b1d872a9f25dc21378fa71dca4e4e"

[[projects]]
  branch = "master"
  name = "github.com/shurcooL/highlight_go"
  packages = ["."]
  revision = "78fb10f4a5f89e812a5e26ab723b954a51226086"

[[projects]]
  branch = "master"
  name = "github.com/shurcooL/octiconssvg"
  packages = ["."]
  revision = "f4482000187f70884083d861259564f0822a2fb0"

[[projects]]
  branch = "master"
  name = "github.com/shurcooL/sanitized_anchor_name"
  packages = ["."]
  revision = "86672fcb3f950f35f2e675df2240550f2a50762f"

[[projects]]
  branch = "master"
  name = "github.com/sourcegraph/annotate"
  packages = ["."]
  revision = "f4cad6c6324d3f584e1743d8b3e0e017a5f3a636"

[[projects]]
  branch = "master"
  name = "github.com/sourcegraph/syntaxhighlight"
  packages = ["."]
  revision = "bd320f5d308e1a3c4314c678d8227a0d72574ae7"

[[projects]]
  name = "github.com/spf13/cobra"
  packages = ["."]
  revision = "ef82de70bb3f60c65fb8eebacbb2d122ef517385"
  version = "v0.0.3"

[[projects]]
  name = "github.com/spf13/pflag"
  packages = ["."]
  revision = "583c0c0531f06d5278b7d917446061adc344b5cd"
  version = "v1.0.1"

[[projects]]
  name = "github.com/stretchr/testify"
  packages = [
    "assert",
    "require"
  ]
  revision = "12b6f73e6084dad08a7c6e575284b177ecafbc71"
  version = "v1.2.1"

[[projects]]
  branch = "master"
  name = "golang.org/x/net"
  packages = [
    "html",
    "html/atom",
    "idna",
    "publicsuffix"
  ]
  revision = "dfa909b99c79129e1100513e5cd36307665e5723"

[[projects]]
  name = "golang.org/x/text"
  packages = [
    "collate",
    "collate/build",
    "internal/colltab",
    "internal/gen",
    "internal/tag",
    "internal/triegen",
    "internal/ucd",
    "language",
    "secure/bidirule",
    "transform",
    "unicode/bidi",
    "unicode/cldr",
    "unicode/norm",
    "unicode/rangetable"
  ]
  revision = "f21a4dfb5e38f5895301dc265a8def02365cc3d0"
  version = "v0.3.0"

[[projects]]
  name = "gopkg.in/resty.v1"
  packages = ["."]
  revision = "f0976a825c7520308909ce5a9e8b4f8675fdd6de"
  version = "v1.5"

[solve-meta]
  analyzer-name = "dep"
  analyzer-version = 1
  inputs-digest = "3a51bb5598e78a29dc68ba8f8e8f78e7c962259597def0fb7207b320ee325da1"
  solver-name = "gps-cdcl"
  solver-version = 1
